
Microsoft Visual Studio Solution File, Format Version 12.00
# Visual Studio Version 17
VisualStudioVersion = 17.6.33815.320
MinimumVisualStudioVersion = 10.0.40219.1
Project("{FAE04EC0-301F-11D3-BF4B-00C04F79EFBC}") = "cours_thomas_csharp", "cours_thomas_csharp\cours_thomas_csharp.csproj", "{C065B91A-309E-4813-8B57-6B1998BEA12B}"
EndProject
Global
	GlobalSection(SolutionConfigurationPlatforms) = preSolution
		Debug|Any CPU = Debug|Any CPU
		Release|Any CPU = Release|Any CPU
	EndGlobalSection
	GlobalSection(ProjectConfigurationPlatforms) = postSolution
		{C065B91A-309E-4813-8B57-6B1998BEA12B}.Debug|Any CPU.ActiveCfg = Debug|Any CPU
		{C065B91A-309E-4813-8B57-6B1998BEA12B}.Debug|Any CPU.Build.0 = Debug|Any CPU
		{C065B91A-309E-4813-8B57-6B1998BEA12B}.Release|Any CPU.ActiveCfg = Release|Any CPU
		{C065B91A-309E-4813-8B57-6B1998BEA12B}.Release|Any CPU.Build.0 = Release|Any CPU
	EndGlobalSection
	GlobalSection(SolutionProperties) = preSolution
		HideSolutionNode = FALSE
	EndGlobalSection
	GlobalSection(ExtensibilityGlobals) = postSolution
		SolutionGuid = {F23A2A36-9E3C-434B-AC88-9E7DB331730F}
	EndGlobalSection
EndGlobal
